// !$*UTF8*$!
{
	archiveVersion = 1;
	classes = {
	};
	objectVersion = 54;
	objects = {

/* Begin PBXBuildFile section */
		145D72212C2ACA25005CAC92 /* UIStackView+Extensions.swift in Sources */ = {isa = PBXBuildFile; fileRef = 145D72202C2ACA25005CAC92 /* UIStackView+Extensions.swift */; };
		145D72232C2AD30C005CAC92 /* PairView.swift in Sources */ = {isa = PBXBuildFile; fileRef = 145D72222C2AD30C005CAC92 /* PairView.swift */; };
		145D72262C2AEE8E005CAC92 /* OrderedDictionary in Frameworks */ = {isa = PBXBuildFile; productRef = 145D72252C2AEE8E005CAC92 /* OrderedDictionary */; };
		145ECD1A2C2AC03E00D0F8B3 /* Schedule.swift in Sources */ = {isa = PBXBuildFile; fileRef = 145ECD192C2AC03E00D0F8B3 /* Schedule.swift */; };
		145ECD1C2C2AC07200D0F8B3 /* Teacher.swift in Sources */ = {isa = PBXBuildFile; fileRef = 145ECD1B2C2AC07200D0F8B3 /* Teacher.swift */; };
		145ECD1E2C2AC0A800D0F8B3 /* Group.swift in Sources */ = {isa = PBXBuildFile; fileRef = 145ECD1D2C2AC0A800D0F8B3 /* Group.swift */; };
		145ECD202C2AC0DA00D0F8B3 /* Class.swift in Sources */ = {isa = PBXBuildFile; fileRef = 145ECD1F2C2AC0DA00D0F8B3 /* Class.swift */; };
		145ECD222C2AC1C900D0F8B3 /* schedule.json in Resources */ = {isa = PBXBuildFile; fileRef = 145ECD212C2AC1C900D0F8B3 /* schedule.json */; };
		145ECD242C2AC4AE00D0F8B3 /* ScheduleCell.swift in Sources */ = {isa = PBXBuildFile; fileRef = 145ECD232C2AC4AE00D0F8B3 /* ScheduleCell.swift */; };
		14C2CCFA2C2B17A300211BDD /* groups.json in Resources */ = {isa = PBXBuildFile; fileRef = 14C2CCF92C2B17A300211BDD /* groups.json */; };
		14C2CCFC2C2B188200211BDD /* GroupsResponse.swift in Sources */ = {isa = PBXBuildFile; fileRef = 14C2CCFB2C2B188200211BDD /* GroupsResponse.swift */; };
		14C2CCFE2C2B198500211BDD /* teachers.json in Resources */ = {isa = PBXBuildFile; fileRef = 14C2CCFD2C2B198500211BDD /* teachers.json */; };
		14C2CD002C2B19EF00211BDD /* TeachersResponse.swift in Sources */ = {isa = PBXBuildFile; fileRef = 14C2CCFF2C2B19EF00211BDD /* TeachersResponse.swift */; };
		14C2CD022C2B1B8A00211BDD /* Lesson.swift in Sources */ = {isa = PBXBuildFile; fileRef = 14C2CD012C2B1B8A00211BDD /* Lesson.swift */; };
		14C2CD042C2B1BFF00211BDD /* LessonsResponse.swift in Sources */ = {isa = PBXBuildFile; fileRef = 14C2CD032C2B1BFF00211BDD /* LessonsResponse.swift */; };
		14C2CD062C2B1C3600211BDD /* lessons.json in Resources */ = {isa = PBXBuildFile; fileRef = 14C2CD052C2B1C3600211BDD /* lessons.json */; };
		14C2CD082C2B1D8500211BDD /* ClassesResponse.swift in Sources */ = {isa = PBXBuildFile; fileRef = 14C2CD072C2B1D8500211BDD /* ClassesResponse.swift */; };
		14C2CD0A2C2B1DE500211BDD /* classes.json in Resources */ = {isa = PBXBuildFile; fileRef = 14C2CD092C2B1DE500211BDD /* classes.json */; };
		5E74DC9F682F7103E6003DD3 /* InputField.swift in Sources */ = {isa = PBXBuildFile; fileRef = 5E74DFAD2DCF610F9DC7903D /* InputField.swift */; };
		B508A85E283F88130081CE95 /* Storyboard.storyboard in Resources */ = {isa = PBXBuildFile; fileRef = B508A85D283F88130081CE95 /* Storyboard.storyboard */; };
		B5A21BF42733E4DD00614B22 /* ProfileView.xib in Resources */ = {isa = PBXBuildFile; fileRef = B5A21BF32733E4DD00614B22 /* ProfileView.xib */; };
		B5A21BF62733E78000614B22 /* ProfileView.swift in Sources */ = {isa = PBXBuildFile; fileRef = B5A21BF52733E78000614B22 /* ProfileView.swift */; };
		B5A21BFE273595D300614B22 /* ProfileService.swift in Sources */ = {isa = PBXBuildFile; fileRef = B5A21BFD273595D300614B22 /* ProfileService.swift */; };
		B5A21C242738005B00614B22 /* DeleteOrder.swift in Sources */ = {isa = PBXBuildFile; fileRef = B5A21C232738005B00614B22 /* DeleteOrder.swift */; };
		B5A7BBEE2842474600B2D70D /* Empty.xib in Resources */ = {isa = PBXBuildFile; fileRef = B5A7BBED2842474600B2D70D /* Empty.xib */; };
		B5B15476273007D900C92082 /* ScrollableView.swift in Sources */ = {isa = PBXBuildFile; fileRef = B5B15475273007D900C92082 /* ScrollableView.swift */; };
		B5B1547B2730081200C92082 /* DefaultBottomSheetStyle.swift in Sources */ = {isa = PBXBuildFile; fileRef = B5B1547A2730081200C92082 /* DefaultBottomSheetStyle.swift */; };
		B5B1547D2730086D00C92082 /* BottomSheetParameters.swift in Sources */ = {isa = PBXBuildFile; fileRef = B5B1547C2730086D00C92082 /* BottomSheetParameters.swift */; };
		B5B1547F2730087C00C92082 /* UIPanGestureRecognizer+Direction.swift in Sources */ = {isa = PBXBuildFile; fileRef = B5B1547E2730087C00C92082 /* UIPanGestureRecognizer+Direction.swift */; };
		B5B154812730088900C92082 /* BottomSheetStyle.swift in Sources */ = {isa = PBXBuildFile; fileRef = B5B154802730088900C92082 /* BottomSheetStyle.swift */; };
		B5B154832730089F00C92082 /* BottomSheetParametersProtocol.swift in Sources */ = {isa = PBXBuildFile; fileRef = B5B154822730089F00C92082 /* BottomSheetParametersProtocol.swift */; };
		B5B15485273008B900C92082 /* BottomSheetController.swift in Sources */ = {isa = PBXBuildFile; fileRef = B5B15484273008B900C92082 /* BottomSheetController.swift */; };
		B5B15487273008C700C92082 /* PresentationController.swift in Sources */ = {isa = PBXBuildFile; fileRef = B5B15486273008C700C92082 /* PresentationController.swift */; };
		C214165B270DA80B00C40071 /* AutoLayoutSugar in Frameworks */ = {isa = PBXBuildFile; productRef = C214165A270DA80B00C40071 /* AutoLayoutSugar */; };
		C214165E270DB9E400C40071 /* KeychainAccess in Frameworks */ = {isa = PBXBuildFile; productRef = C214165D270DB9E400C40071 /* KeychainAccess */; };
		C2141660270DBD1000C40071 /* CreateScheduleVC.swift in Sources */ = {isa = PBXBuildFile; fileRef = C214165F270DBD1000C40071 /* CreateScheduleVC.swift */; };
		C2141662270DBD2900C40071 /* ScheduleVC.swift in Sources */ = {isa = PBXBuildFile; fileRef = C2141661270DBD2900C40071 /* ScheduleVC.swift */; };
		C2151F52271885F3009036CB /* ScheduleService.swift in Sources */ = {isa = PBXBuildFile; fileRef = C2151F51271885F3009036CB /* ScheduleService.swift */; };
		C21E13202704510C00867E2E /* AppDelegate.swift in Sources */ = {isa = PBXBuildFile; fileRef = C21E131F2704510C00867E2E /* AppDelegate.swift */; };
		C21E13292704510E00867E2E /* Assets.xcassets in Resources */ = {isa = PBXBuildFile; fileRef = C21E13282704510E00867E2E /* Assets.xcassets */; };
		C21E132C2704510E00867E2E /* LaunchScreen.storyboard in Resources */ = {isa = PBXBuildFile; fileRef = C21E132A2704510E00867E2E /* LaunchScreen.storyboard */; };
		C21E133927045ADA00867E2E /* Localizable.strings in Resources */ = {isa = PBXBuildFile; fileRef = C21E133827045ADA00867E2E /* Localizable.strings */; };
		C21E133E27045B1900867E2E /* InfoPlist.strings in Resources */ = {isa = PBXBuildFile; fileRef = C21E133C27045B1900867E2E /* InfoPlist.strings */; };
		C21E134227045B4900867E2E /* Localizable.stringsdict in Resources */ = {isa = PBXBuildFile; fileRef = C21E134027045B4900867E2E /* Localizable.stringsdict */; };
		C21E134927045C5600867E2E /* Auth.storyboard in Resources */ = {isa = PBXBuildFile; fileRef = C21E134827045C5600867E2E /* Auth.storyboard */; };
		C21E134B27045C6C00867E2E /* AuthVC.swift in Sources */ = {isa = PBXBuildFile; fileRef = C21E134A27045C6C00867E2E /* AuthVC.swift */; };
		C21E134D27045C8A00867E2E /* TabBar.storyboard in Resources */ = {isa = PBXBuildFile; fileRef = C21E134C27045C8A00867E2E /* TabBar.storyboard */; };
		C21E134F27045CA900867E2E /* TabBarVC.swift in Sources */ = {isa = PBXBuildFile; fileRef = C21E134E27045CA900867E2E /* TabBarVC.swift */; };
		C21E13512704604400867E2E /* AppState.swift in Sources */ = {isa = PBXBuildFile; fileRef = C21E13502704604400867E2E /* AppState.swift */; };
		C21E1353270460AE00867E2E /* DataService.swift in Sources */ = {isa = PBXBuildFile; fileRef = C21E1352270460AE00867E2E /* DataService.swift */; };
		C21E13552704619D00867E2E /* CoreFactory.swift in Sources */ = {isa = PBXBuildFile; fileRef = C21E13542704619D00867E2E /* CoreFactory.swift */; };
		C21E1357270463C400867E2E /* AuthService.swift in Sources */ = {isa = PBXBuildFile; fileRef = C21E1356270463C400867E2E /* AuthService.swift */; };
		C21E13592704647900867E2E /* Errors.swift in Sources */ = {isa = PBXBuildFile; fileRef = C21E13582704647800867E2E /* Errors.swift */; };
		C21E135B270464DD00867E2E /* NetworkProvider.swift in Sources */ = {isa = PBXBuildFile; fileRef = C21E135A270464DD00867E2E /* NetworkProvider.swift */; };
		C21E135D270464FF00867E2E /* Request.swift in Sources */ = {isa = PBXBuildFile; fileRef = C21E135C270464FF00867E2E /* Request.swift */; };
		C21E13632704661500867E2E /* VCFactory.swift in Sources */ = {isa = PBXBuildFile; fileRef = C21E13622704661500867E2E /* VCFactory.swift */; };
		C21E13652704671A00867E2E /* Schedule.storyboard in Resources */ = {isa = PBXBuildFile; fileRef = C21E13642704671A00867E2E /* Schedule.storyboard */; };
		C21E13672704674D00867E2E /* CreateSchedule.storyboard in Resources */ = {isa = PBXBuildFile; fileRef = C21E13662704674D00867E2E /* CreateSchedule.storyboard */; };
		C21E13692704676800867E2E /* Profile.storyboard in Resources */ = {isa = PBXBuildFile; fileRef = C21E13682704676800867E2E /* Profile.storyboard */; };
		C239CB6827205AA6003ABBB0 /* UILoadable+UIView.swift in Sources */ = {isa = PBXBuildFile; fileRef = C239CB6327205AA6003ABBB0 /* UILoadable+UIView.swift */; };
		C239CB6927205AA6003ABBB0 /* LoaderView.swift in Sources */ = {isa = PBXBuildFile; fileRef = C239CB6427205AA6003ABBB0 /* LoaderView.swift */; };
		C239CB6A27205AA6003ABBB0 /* LoaderParameters.swift in Sources */ = {isa = PBXBuildFile; fileRef = C239CB6527205AA6003ABBB0 /* LoaderParameters.swift */; };
		C239CB6B27205AA6003ABBB0 /* UILoadable.swift in Sources */ = {isa = PBXBuildFile; fileRef = C239CB6627205AA6003ABBB0 /* UILoadable.swift */; };
		C239CB6E27205ABE003ABBB0 /* LoaderParameters+Default.swift in Sources */ = {isa = PBXBuildFile; fileRef = C239CB6D27205ABE003ABBB0 /* LoaderParameters+Default.swift */; };
		C27E0F1D270473A20015530B /* Plist.swift in Sources */ = {isa = PBXBuildFile; fileRef = C27E0F18270473A20015530B /* Plist.swift */; };
		C27E0F1E270473A20015530B /* Assets.swift in Sources */ = {isa = PBXBuildFile; fileRef = C27E0F19270473A20015530B /* Assets.swift */; };
		C27E0F1F270473A20015530B /* StoryboardSegues.swift in Sources */ = {isa = PBXBuildFile; fileRef = C27E0F1A270473A20015530B /* StoryboardSegues.swift */; };
		C27E0F20270473A20015530B /* StoryboardScenes.swift in Sources */ = {isa = PBXBuildFile; fileRef = C27E0F1B270473A20015530B /* StoryboardScenes.swift */; };
		C27E0F21270473A20015530B /* Strings.swift in Sources */ = {isa = PBXBuildFile; fileRef = C27E0F1C270473A20015530B /* Strings.swift */; };
		C27E0F242704759D0015530B /* ProfileVC.swift in Sources */ = {isa = PBXBuildFile; fileRef = C27E0F232704759D0015530B /* ProfileVC.swift */; };
		C2B96D3E270DD48C0012D0E8 /* TTGSnackbar in Frameworks */ = {isa = PBXBuildFile; productRef = C2B96D3D270DD48C0012D0E8 /* TTGSnackbar */; };
		C2B96D41270DD9770012D0E8 /* SnackerStyle.swift in Sources */ = {isa = PBXBuildFile; fileRef = C2B96D40270DD9770012D0E8 /* SnackerStyle.swift */; };
		C2B96D43270DD9A50012D0E8 /* SnackCustomView.swift in Sources */ = {isa = PBXBuildFile; fileRef = C2B96D42270DD9A50012D0E8 /* SnackCustomView.swift */; };
		C2B96D45270DDA820012D0E8 /* Snacker.swift in Sources */ = {isa = PBXBuildFile; fileRef = C2B96D44270DDA820012D0E8 /* Snacker.swift */; };
		C2B96D47270DDE360012D0E8 /* authFailed.json in Resources */ = {isa = PBXBuildFile; fileRef = C2B96D46270DDE360012D0E8 /* authFailed.json */; };
		C2B96D49270DDE6F0012D0E8 /* ErrorResponse.swift in Sources */ = {isa = PBXBuildFile; fileRef = C2B96D48270DDE6F0012D0E8 /* ErrorResponse.swift */; };
		C2B96D4B270DE0A00012D0E8 /* FieldError.swift in Sources */ = {isa = PBXBuildFile; fileRef = C2B96D4A270DE0A00012D0E8 /* FieldError.swift */; };
		C2B96D5B270DE9D90012D0E8 /* userUEerror.json in Resources */ = {isa = PBXBuildFile; fileRef = C2B96D4E270DE9D80012D0E8 /* userUEerror.json */; };
		C2B96D63270DE9D90012D0E8 /* getProfile.json in Resources */ = {isa = PBXBuildFile; fileRef = C2B96D56270DE9D80012D0E8 /* getProfile.json */; };
		C2B96D64270DE9D90012D0E8 /* userBRerror.json in Resources */ = {isa = PBXBuildFile; fileRef = C2B96D57270DE9D80012D0E8 /* userBRerror.json */; };
		C2B96D66270DE9D90012D0E8 /* detailsInfo.json in Resources */ = {isa = PBXBuildFile; fileRef = C2B96D59270DE9D80012D0E8 /* detailsInfo.json */; };
		C2B96D68270DEAA60012D0E8 /* ScheduleRequests.swift in Sources */ = {isa = PBXBuildFile; fileRef = C2B96D67270DEAA60012D0E8 /* ScheduleRequests.swift */; };
		C2CD31A327202AC3001A32C3 /* Kingfisher in Frameworks */ = {isa = PBXBuildFile; productRef = C2CD31A227202AC3001A32C3 /* Kingfisher */; };
		C2CD31A527202CBA001A32C3 /* NumberFormatter+Default.swift in Sources */ = {isa = PBXBuildFile; fileRef = C2CD31A427202CBA001A32C3 /* NumberFormatter+Default.swift */; };
		C2CD31A727202FE6001A32C3 /* en.lproj in Resources */ = {isa = PBXBuildFile; fileRef = C2CD31A627202FE6001A32C3 /* en.lproj */; };
		C2CD31A92720389A001A32C3 /* AppDelegate+NavAppearance.swift in Sources */ = {isa = PBXBuildFile; fileRef = C2CD31A82720389A001A32C3 /* AppDelegate+NavAppearance.swift */; };
		C2D7209D270484E700C40EA5 /* RequestMethod.swift in Sources */ = {isa = PBXBuildFile; fileRef = C2D7209C270484E700C40EA5 /* RequestMethod.swift */; };
		C2D7209F2704855100C40EA5 /* RequestBuilder.swift in Sources */ = {isa = PBXBuildFile; fileRef = C2D7209E2704855100C40EA5 /* RequestBuilder.swift */; };
		C2D720A22704869900C40EA5 /* UserRequest.swift in Sources */ = {isa = PBXBuildFile; fileRef = C2D720A12704869900C40EA5 /* UserRequest.swift */; };
		C2D720A427048AAF00C40EA5 /* DataResponse.swift in Sources */ = {isa = PBXBuildFile; fileRef = C2D720A327048AAF00C40EA5 /* DataResponse.swift */; };
		C2D720A727048AF000C40EA5 /* AuthResponse.swift in Sources */ = {isa = PBXBuildFile; fileRef = C2D720A627048AF000C40EA5 /* AuthResponse.swift */; };
		C2D720A927048B1A00C40EA5 /* Profile.swift in Sources */ = {isa = PBXBuildFile; fileRef = C2D720A827048B1A00C40EA5 /* Profile.swift */; };
		C2F28B3B27048E92000A2703 /* auth.json in Resources */ = {isa = PBXBuildFile; fileRef = C2F28B3A27048E92000A2703 /* auth.json */; };
/* End PBXBuildFile section */

/* Begin PBXFileReference section */
		145D72202C2ACA25005CAC92 /* UIStackView+Extensions.swift */ = {isa = PBXFileReference; lastKnownFileType = sourcecode.swift; path = "UIStackView+Extensions.swift"; sourceTree = "<group>"; };
		145D72222C2AD30C005CAC92 /* PairView.swift */ = {isa = PBXFileReference; lastKnownFileType = sourcecode.swift; path = PairView.swift; sourceTree = "<group>"; };
		145ECD192C2AC03E00D0F8B3 /* Schedule.swift */ = {isa = PBXFileReference; lastKnownFileType = sourcecode.swift; path = Schedule.swift; sourceTree = "<group>"; };
		145ECD1B2C2AC07200D0F8B3 /* Teacher.swift */ = {isa = PBXFileReference; lastKnownFileType = sourcecode.swift; path = Teacher.swift; sourceTree = "<group>"; };
		145ECD1D2C2AC0A800D0F8B3 /* Group.swift */ = {isa = PBXFileReference; lastKnownFileType = sourcecode.swift; path = Group.swift; sourceTree = "<group>"; };
		145ECD1F2C2AC0DA00D0F8B3 /* Class.swift */ = {isa = PBXFileReference; lastKnownFileType = sourcecode.swift; path = Class.swift; sourceTree = "<group>"; };
		145ECD212C2AC1C900D0F8B3 /* schedule.json */ = {isa = PBXFileReference; lastKnownFileType = text.json; path = schedule.json; sourceTree = "<group>"; };
		145ECD232C2AC4AE00D0F8B3 /* ScheduleCell.swift */ = {isa = PBXFileReference; lastKnownFileType = sourcecode.swift; path = ScheduleCell.swift; sourceTree = "<group>"; };
		14C2CCF92C2B17A300211BDD /* groups.json */ = {isa = PBXFileReference; lastKnownFileType = text.json; path = groups.json; sourceTree = "<group>"; xcLanguageSpecificationIdentifier = xcode.lang.json; };
		14C2CCFB2C2B188200211BDD /* GroupsResponse.swift */ = {isa = PBXFileReference; lastKnownFileType = sourcecode.swift; path = GroupsResponse.swift; sourceTree = "<group>"; };
		14C2CCFD2C2B198500211BDD /* teachers.json */ = {isa = PBXFileReference; lastKnownFileType = text.json; path = teachers.json; sourceTree = "<group>"; };
		14C2CCFF2C2B19EF00211BDD /* TeachersResponse.swift */ = {isa = PBXFileReference; lastKnownFileType = sourcecode.swift; path = TeachersResponse.swift; sourceTree = "<group>"; };
		14C2CD012C2B1B8A00211BDD /* Lesson.swift */ = {isa = PBXFileReference; lastKnownFileType = sourcecode.swift; path = Lesson.swift; sourceTree = "<group>"; };
		14C2CD032C2B1BFF00211BDD /* LessonsResponse.swift */ = {isa = PBXFileReference; lastKnownFileType = sourcecode.swift; path = LessonsResponse.swift; sourceTree = "<group>"; };
		14C2CD052C2B1C3600211BDD /* lessons.json */ = {isa = PBXFileReference; lastKnownFileType = text.json; path = lessons.json; sourceTree = "<group>"; };
		14C2CD072C2B1D8500211BDD /* ClassesResponse.swift */ = {isa = PBXFileReference; lastKnownFileType = sourcecode.swift; path = ClassesResponse.swift; sourceTree = "<group>"; };
		14C2CD092C2B1DE500211BDD /* classes.json */ = {isa = PBXFileReference; lastKnownFileType = text.json; path = classes.json; sourceTree = "<group>"; };
		5E74DFAD2DCF610F9DC7903D /* InputField.swift */ = {isa = PBXFileReference; fileEncoding = 4; lastKnownFileType = sourcecode.swift; path = InputField.swift; sourceTree = "<group>"; };
		B508A85D283F88130081CE95 /* Storyboard.storyboard */ = {isa = PBXFileReference; lastKnownFileType = file.storyboard; path = Storyboard.storyboard; sourceTree = "<group>"; };
		B5A21BF32733E4DD00614B22 /* ProfileView.xib */ = {isa = PBXFileReference; lastKnownFileType = file.xib; path = ProfileView.xib; sourceTree = "<group>"; };
		B5A21BF52733E78000614B22 /* ProfileView.swift */ = {isa = PBXFileReference; lastKnownFileType = sourcecode.swift; path = ProfileView.swift; sourceTree = "<group>"; };
		B5A21BFD273595D300614B22 /* ProfileService.swift */ = {isa = PBXFileReference; lastKnownFileType = sourcecode.swift; path = ProfileService.swift; sourceTree = "<group>"; };
		B5A21C232738005B00614B22 /* DeleteOrder.swift */ = {isa = PBXFileReference; lastKnownFileType = sourcecode.swift; path = DeleteOrder.swift; sourceTree = "<group>"; };
		B5A7BBED2842474600B2D70D /* Empty.xib */ = {isa = PBXFileReference; lastKnownFileType = file.xib; path = Empty.xib; sourceTree = "<group>"; };
		B5B15475273007D900C92082 /* ScrollableView.swift */ = {isa = PBXFileReference; lastKnownFileType = sourcecode.swift; path = ScrollableView.swift; sourceTree = "<group>"; };
		B5B1547A2730081200C92082 /* DefaultBottomSheetStyle.swift */ = {isa = PBXFileReference; lastKnownFileType = sourcecode.swift; path = DefaultBottomSheetStyle.swift; sourceTree = "<group>"; };
		B5B1547C2730086D00C92082 /* BottomSheetParameters.swift */ = {isa = PBXFileReference; lastKnownFileType = sourcecode.swift; path = BottomSheetParameters.swift; sourceTree = "<group>"; };
		B5B1547E2730087C00C92082 /* UIPanGestureRecognizer+Direction.swift */ = {isa = PBXFileReference; lastKnownFileType = sourcecode.swift; path = "UIPanGestureRecognizer+Direction.swift"; sourceTree = "<group>"; };
		B5B154802730088900C92082 /* BottomSheetStyle.swift */ = {isa = PBXFileReference; lastKnownFileType = sourcecode.swift; path = BottomSheetStyle.swift; sourceTree = "<group>"; };
		B5B154822730089F00C92082 /* BottomSheetParametersProtocol.swift */ = {isa = PBXFileReference; lastKnownFileType = sourcecode.swift; path = BottomSheetParametersProtocol.swift; sourceTree = "<group>"; };
		B5B15484273008B900C92082 /* BottomSheetController.swift */ = {isa = PBXFileReference; lastKnownFileType = sourcecode.swift; path = BottomSheetController.swift; sourceTree = "<group>"; };
		B5B15486273008C700C92082 /* PresentationController.swift */ = {isa = PBXFileReference; lastKnownFileType = sourcecode.swift; path = PresentationController.swift; sourceTree = "<group>"; };
		C214165F270DBD1000C40071 /* CreateScheduleVC.swift */ = {isa = PBXFileReference; lastKnownFileType = sourcecode.swift; path = CreateScheduleVC.swift; sourceTree = "<group>"; };
		C2141661270DBD2900C40071 /* ScheduleVC.swift */ = {isa = PBXFileReference; lastKnownFileType = sourcecode.swift; path = ScheduleVC.swift; sourceTree = "<group>"; };
		C2151F51271885F3009036CB /* ScheduleService.swift */ = {isa = PBXFileReference; lastKnownFileType = sourcecode.swift; path = ScheduleService.swift; sourceTree = "<group>"; };
		C21E131C2704510C00867E2E /* Practice.app */ = {isa = PBXFileReference; explicitFileType = wrapper.application; includeInIndex = 0; path = Practice.app; sourceTree = BUILT_PRODUCTS_DIR; };
		C21E131F2704510C00867E2E /* AppDelegate.swift */ = {isa = PBXFileReference; lastKnownFileType = sourcecode.swift; path = AppDelegate.swift; sourceTree = "<group>"; };
		C21E13282704510E00867E2E /* Assets.xcassets */ = {isa = PBXFileReference; lastKnownFileType = folder.assetcatalog; path = Assets.xcassets; sourceTree = "<group>"; };
		C21E132D2704510E00867E2E /* Info.plist */ = {isa = PBXFileReference; lastKnownFileType = text.plist.xml; path = Info.plist; sourceTree = "<group>"; };
		C21E133827045ADA00867E2E /* Localizable.strings */ = {isa = PBXFileReference; lastKnownFileType = text.plist.strings; path = Localizable.strings; sourceTree = "<group>"; };
		C21E133D27045B1900867E2E /* ru */ = {isa = PBXFileReference; lastKnownFileType = text.plist.strings; name = ru; path = InfoPlist.strings; sourceTree = "<group>"; };
		C21E134127045B4900867E2E /* ru */ = {isa = PBXFileReference; lastKnownFileType = text.plist.stringsdict; name = ru; path = Localizable.stringsdict; sourceTree = "<group>"; };
		C21E134827045C5600867E2E /* Auth.storyboard */ = {isa = PBXFileReference; lastKnownFileType = file.storyboard; path = Auth.storyboard; sourceTree = "<group>"; };
		C21E134A27045C6C00867E2E /* AuthVC.swift */ = {isa = PBXFileReference; lastKnownFileType = sourcecode.swift; path = AuthVC.swift; sourceTree = "<group>"; };
		C21E134C27045C8A00867E2E /* TabBar.storyboard */ = {isa = PBXFileReference; lastKnownFileType = file.storyboard; path = TabBar.storyboard; sourceTree = "<group>"; };
		C21E134E27045CA900867E2E /* TabBarVC.swift */ = {isa = PBXFileReference; lastKnownFileType = sourcecode.swift; path = TabBarVC.swift; sourceTree = "<group>"; };
		C21E13502704604400867E2E /* AppState.swift */ = {isa = PBXFileReference; lastKnownFileType = sourcecode.swift; path = AppState.swift; sourceTree = "<group>"; };
		C21E1352270460AE00867E2E /* DataService.swift */ = {isa = PBXFileReference; lastKnownFileType = sourcecode.swift; path = DataService.swift; sourceTree = "<group>"; };
		C21E13542704619D00867E2E /* CoreFactory.swift */ = {isa = PBXFileReference; lastKnownFileType = sourcecode.swift; path = CoreFactory.swift; sourceTree = "<group>"; };
		C21E1356270463C400867E2E /* AuthService.swift */ = {isa = PBXFileReference; lastKnownFileType = sourcecode.swift; path = AuthService.swift; sourceTree = "<group>"; };
		C21E13582704647800867E2E /* Errors.swift */ = {isa = PBXFileReference; lastKnownFileType = sourcecode.swift; path = Errors.swift; sourceTree = "<group>"; };
		C21E135A270464DD00867E2E /* NetworkProvider.swift */ = {isa = PBXFileReference; lastKnownFileType = sourcecode.swift; path = NetworkProvider.swift; sourceTree = "<group>"; };
		C21E135C270464FF00867E2E /* Request.swift */ = {isa = PBXFileReference; lastKnownFileType = sourcecode.swift; path = Request.swift; sourceTree = "<group>"; };
		C21E13622704661500867E2E /* VCFactory.swift */ = {isa = PBXFileReference; lastKnownFileType = sourcecode.swift; path = VCFactory.swift; sourceTree = "<group>"; };
		C21E13642704671A00867E2E /* Schedule.storyboard */ = {isa = PBXFileReference; lastKnownFileType = file.storyboard; path = Schedule.storyboard; sourceTree = "<group>"; };
		C21E13662704674D00867E2E /* CreateSchedule.storyboard */ = {isa = PBXFileReference; lastKnownFileType = file.storyboard; path = CreateSchedule.storyboard; sourceTree = "<group>"; };
		C21E13682704676800867E2E /* Profile.storyboard */ = {isa = PBXFileReference; lastKnownFileType = file.storyboard; path = Profile.storyboard; sourceTree = "<group>"; };
		C239CB6327205AA6003ABBB0 /* UILoadable+UIView.swift */ = {isa = PBXFileReference; fileEncoding = 4; lastKnownFileType = sourcecode.swift; path = "UILoadable+UIView.swift"; sourceTree = "<group>"; };
		C239CB6427205AA6003ABBB0 /* LoaderView.swift */ = {isa = PBXFileReference; fileEncoding = 4; lastKnownFileType = sourcecode.swift; path = LoaderView.swift; sourceTree = "<group>"; };
		C239CB6527205AA6003ABBB0 /* LoaderParameters.swift */ = {isa = PBXFileReference; fileEncoding = 4; lastKnownFileType = sourcecode.swift; path = LoaderParameters.swift; sourceTree = "<group>"; };
		C239CB6627205AA6003ABBB0 /* UILoadable.swift */ = {isa = PBXFileReference; fileEncoding = 4; lastKnownFileType = sourcecode.swift; path = UILoadable.swift; sourceTree = "<group>"; };
		C239CB6D27205ABE003ABBB0 /* LoaderParameters+Default.swift */ = {isa = PBXFileReference; fileEncoding = 4; lastKnownFileType = sourcecode.swift; path = "LoaderParameters+Default.swift"; sourceTree = "<group>"; };
		C27E0F18270473A20015530B /* Plist.swift */ = {isa = PBXFileReference; fileEncoding = 4; lastKnownFileType = sourcecode.swift; path = Plist.swift; sourceTree = "<group>"; };
		C27E0F19270473A20015530B /* Assets.swift */ = {isa = PBXFileReference; fileEncoding = 4; lastKnownFileType = sourcecode.swift; path = Assets.swift; sourceTree = "<group>"; };
		C27E0F1A270473A20015530B /* StoryboardSegues.swift */ = {isa = PBXFileReference; fileEncoding = 4; lastKnownFileType = sourcecode.swift; path = StoryboardSegues.swift; sourceTree = "<group>"; };
		C27E0F1B270473A20015530B /* StoryboardScenes.swift */ = {isa = PBXFileReference; fileEncoding = 4; lastKnownFileType = sourcecode.swift; path = StoryboardScenes.swift; sourceTree = "<group>"; };
		C27E0F1C270473A20015530B /* Strings.swift */ = {isa = PBXFileReference; fileEncoding = 4; lastKnownFileType = sourcecode.swift; path = Strings.swift; sourceTree = "<group>"; };
		C27E0F232704759D0015530B /* ProfileVC.swift */ = {isa = PBXFileReference; lastKnownFileType = sourcecode.swift; path = ProfileVC.swift; sourceTree = "<group>"; };
		C2B96D40270DD9770012D0E8 /* SnackerStyle.swift */ = {isa = PBXFileReference; lastKnownFileType = sourcecode.swift; path = SnackerStyle.swift; sourceTree = "<group>"; };
		C2B96D42270DD9A50012D0E8 /* SnackCustomView.swift */ = {isa = PBXFileReference; lastKnownFileType = sourcecode.swift; path = SnackCustomView.swift; sourceTree = "<group>"; };
		C2B96D44270DDA820012D0E8 /* Snacker.swift */ = {isa = PBXFileReference; lastKnownFileType = sourcecode.swift; path = Snacker.swift; sourceTree = "<group>"; };
		C2B96D46270DDE360012D0E8 /* authFailed.json */ = {isa = PBXFileReference; fileEncoding = 4; lastKnownFileType = text.json; path = authFailed.json; sourceTree = "<group>"; };
		C2B96D48270DDE6F0012D0E8 /* ErrorResponse.swift */ = {isa = PBXFileReference; lastKnownFileType = sourcecode.swift; path = ErrorResponse.swift; sourceTree = "<group>"; };
		C2B96D4A270DE0A00012D0E8 /* FieldError.swift */ = {isa = PBXFileReference; lastKnownFileType = sourcecode.swift; path = FieldError.swift; sourceTree = "<group>"; };
		C2B96D4C270DE38B0012D0E8 /* Base */ = {isa = PBXFileReference; lastKnownFileType = file.storyboard; name = Base; path = Base.lproj/LaunchScreen.storyboard; sourceTree = "<group>"; };
		C2B96D4E270DE9D80012D0E8 /* userUEerror.json */ = {isa = PBXFileReference; fileEncoding = 4; lastKnownFileType = text.json; path = userUEerror.json; sourceTree = "<group>"; };
		C2B96D56270DE9D80012D0E8 /* getProfile.json */ = {isa = PBXFileReference; fileEncoding = 4; lastKnownFileType = text.json; path = getProfile.json; sourceTree = "<group>"; };
		C2B96D57270DE9D80012D0E8 /* userBRerror.json */ = {isa = PBXFileReference; fileEncoding = 4; lastKnownFileType = text.json; path = userBRerror.json; sourceTree = "<group>"; };
		C2B96D59270DE9D80012D0E8 /* detailsInfo.json */ = {isa = PBXFileReference; fileEncoding = 4; lastKnownFileType = text.json; path = detailsInfo.json; sourceTree = "<group>"; };
		C2B96D67270DEAA60012D0E8 /* ScheduleRequests.swift */ = {isa = PBXFileReference; fileEncoding = 4; lastKnownFileType = sourcecode.swift; path = ScheduleRequests.swift; sourceTree = "<group>"; };
		C2CD31A427202CBA001A32C3 /* NumberFormatter+Default.swift */ = {isa = PBXFileReference; lastKnownFileType = sourcecode.swift; path = "NumberFormatter+Default.swift"; sourceTree = "<group>"; };
		C2CD31A627202FE6001A32C3 /* en.lproj */ = {isa = PBXFileReference; lastKnownFileType = folder; path = en.lproj; sourceTree = "<group>"; };
		C2CD31A82720389A001A32C3 /* AppDelegate+NavAppearance.swift */ = {isa = PBXFileReference; lastKnownFileType = sourcecode.swift; path = "AppDelegate+NavAppearance.swift"; sourceTree = "<group>"; };
		C2D7209C270484E700C40EA5 /* RequestMethod.swift */ = {isa = PBXFileReference; lastKnownFileType = sourcecode.swift; path = RequestMethod.swift; sourceTree = "<group>"; };
		C2D7209E2704855100C40EA5 /* RequestBuilder.swift */ = {isa = PBXFileReference; lastKnownFileType = sourcecode.swift; path = RequestBuilder.swift; sourceTree = "<group>"; };
		C2D720A12704869900C40EA5 /* UserRequest.swift */ = {isa = PBXFileReference; lastKnownFileType = sourcecode.swift; path = UserRequest.swift; sourceTree = "<group>"; };
		C2D720A327048AAF00C40EA5 /* DataResponse.swift */ = {isa = PBXFileReference; lastKnownFileType = sourcecode.swift; path = DataResponse.swift; sourceTree = "<group>"; };
		C2D720A627048AF000C40EA5 /* AuthResponse.swift */ = {isa = PBXFileReference; lastKnownFileType = sourcecode.swift; path = AuthResponse.swift; sourceTree = "<group>"; };
		C2D720A827048B1A00C40EA5 /* Profile.swift */ = {isa = PBXFileReference; lastKnownFileType = sourcecode.swift; path = Profile.swift; sourceTree = "<group>"; };
		C2F28B3A27048E92000A2703 /* auth.json */ = {isa = PBXFileReference; fileEncoding = 4; lastKnownFileType = text.json; path = auth.json; sourceTree = "<group>"; };
/* End PBXFileReference section */

/* Begin PBXFrameworksBuildPhase section */
		C21E13192704510C00867E2E /* Frameworks */ = {
			isa = PBXFrameworksBuildPhase;
			buildActionMask = 2147483647;
			files = (
				C2CD31A327202AC3001A32C3 /* Kingfisher in Frameworks */,
				145D72262C2AEE8E005CAC92 /* OrderedDictionary in Frameworks */,
				C2B96D3E270DD48C0012D0E8 /* TTGSnackbar in Frameworks */,
				C214165E270DB9E400C40071 /* KeychainAccess in Frameworks */,
				C214165B270DA80B00C40071 /* AutoLayoutSugar in Frameworks */,
			);
			runOnlyForDeploymentPostprocessing = 0;
		};
/* End PBXFrameworksBuildPhase section */

/* Begin PBXGroup section */
		B5B154742730079300C92082 /* BottomSheet */ = {
			isa = PBXGroup;
			children = (
				B5B15475273007D900C92082 /* ScrollableView.swift */,
				B5B15477273007E100C92082 /* Configurable */,
				B5B1547C2730086D00C92082 /* BottomSheetParameters.swift */,
				B5B1547E2730087C00C92082 /* UIPanGestureRecognizer+Direction.swift */,
				B5B154802730088900C92082 /* BottomSheetStyle.swift */,
				B5B154822730089F00C92082 /* BottomSheetParametersProtocol.swift */,
				B5B15484273008B900C92082 /* BottomSheetController.swift */,
				B5B15486273008C700C92082 /* PresentationController.swift */,
			);
			path = BottomSheet;
			sourceTree = "<group>";
		};
		B5B15477273007E100C92082 /* Configurable */ = {
			isa = PBXGroup;
			children = (
				B5B1547A2730081200C92082 /* DefaultBottomSheetStyle.swift */,
			);
			path = Configurable;
			sourceTree = "<group>";
		};
		C213C1C42704C52700E84711 /* UIKit */ = {
			isa = PBXGroup;
			children = (
				B5B154742730079300C92082 /* BottomSheet */,
				C239CB6227205A81003ABBB0 /* Loadable */,
				5E74DFAD2DCF610F9DC7903D /* InputField.swift */,
				145D72202C2ACA25005CAC92 /* UIStackView+Extensions.swift */,
			);
			path = UIKit;
			sourceTree = "<group>";
		};
		C21E13132704510C00867E2E = {
			isa = PBXGroup;
			children = (
				C21E131E2704510C00867E2E /* Practice */,
				C21E131D2704510C00867E2E /* Products */,
			);
			sourceTree = "<group>";
		};
		C21E131D2704510C00867E2E /* Products */ = {
			isa = PBXGroup;
			children = (
				C21E131C2704510C00867E2E /* Practice.app */,
			);
			name = Products;
			sourceTree = "<group>";
		};
		C21E131E2704510C00867E2E /* Practice */ = {
			isa = PBXGroup;
			children = (
				C21E133727045A6B00867E2E /* Classes */,
				C21E133627045A6300867E2E /* Resources */,
			);
			path = Practice;
			sourceTree = "<group>";
		};
		C21E133327045A3100867E2E /* Business */ = {
			isa = PBXGroup;
			children = (
				C2B96D3F270DD9400012D0E8 /* Snacker */,
				C21E1361270465FC00867E2E /* Models */,
				C21E1360270465DF00867E2E /* Network */,
				C21E135F270465D700867E2E /* Services */,
				C21E135E270465CC00867E2E /* Factories */,
				C2CD31A427202CBA001A32C3 /* NumberFormatter+Default.swift */,
			);
			path = Business;
			sourceTree = "<group>";
		};
		C21E133427045A3F00867E2E /* Modules */ = {
			isa = PBXGroup;
			children = (
				C21E134727045BAF00867E2E /* Profile */,
				C21E134627045BA900867E2E /* CreateScheduleVC */,
				C21E134527045B9D00867E2E /* Schedule */,
				C21E134427045B9300867E2E /* TabBar */,
				C21E134327045B8B00867E2E /* Auth */,
			);
			path = Modules;
			sourceTree = "<group>";
		};
		C21E133627045A6300867E2E /* Resources */ = {
			isa = PBXGroup;
			children = (
				C2F28B3927048D27000A2703 /* Mocks */,
				C27E0F172704730D0015530B /* Storyboards */,
				C21E133A27045AE600867E2E /* Localizable */,
				C21E13282704510E00867E2E /* Assets.xcassets */,
				C21E132A2704510E00867E2E /* LaunchScreen.storyboard */,
				C21E132D2704510E00867E2E /* Info.plist */,
			);
			path = Resources;
			sourceTree = "<group>";
		};
		C21E133727045A6B00867E2E /* Classes */ = {
			isa = PBXGroup;
			children = (
				C213C1C42704C52700E84711 /* UIKit */,
				C21E136A27046DB500867E2E /* Generated */,
				C21E131F2704510C00867E2E /* AppDelegate.swift */,
				C21E133427045A3F00867E2E /* Modules */,
				C21E133327045A3100867E2E /* Business */,
				C2CD31A82720389A001A32C3 /* AppDelegate+NavAppearance.swift */,
			);
			path = Classes;
			sourceTree = "<group>";
		};
		C21E133A27045AE600867E2E /* Localizable */ = {
			isa = PBXGroup;
			children = (
				C2CD31A627202FE6001A32C3 /* en.lproj */,
				C21E133B27045AF000867E2E /* ru.lproj */,
			);
			path = Localizable;
			sourceTree = "<group>";
		};
		C21E133B27045AF000867E2E /* ru.lproj */ = {
			isa = PBXGroup;
			children = (
				C21E133827045ADA00867E2E /* Localizable.strings */,
				C21E133C27045B1900867E2E /* InfoPlist.strings */,
				C21E134027045B4900867E2E /* Localizable.stringsdict */,
			);
			path = ru.lproj;
			sourceTree = "<group>";
		};
		C21E134327045B8B00867E2E /* Auth */ = {
			isa = PBXGroup;
			children = (
				C21E134A27045C6C00867E2E /* AuthVC.swift */,
			);
			path = Auth;
			sourceTree = "<group>";
		};
		C21E134427045B9300867E2E /* TabBar */ = {
			isa = PBXGroup;
			children = (
				C21E134E27045CA900867E2E /* TabBarVC.swift */,
			);
			path = TabBar;
			sourceTree = "<group>";
		};
		C21E134527045B9D00867E2E /* Schedule */ = {
			isa = PBXGroup;
			children = (
				C2141661270DBD2900C40071 /* ScheduleVC.swift */,
				145ECD232C2AC4AE00D0F8B3 /* ScheduleCell.swift */,
				145D72222C2AD30C005CAC92 /* PairView.swift */,
			);
			path = Schedule;
			sourceTree = "<group>";
		};
		C21E134627045BA900867E2E /* CreateScheduleVC */ = {
			isa = PBXGroup;
			children = (
				C214165F270DBD1000C40071 /* CreateScheduleVC.swift */,
			);
			path = CreateScheduleVC;
			sourceTree = "<group>";
		};
		C21E134727045BAF00867E2E /* Profile */ = {
			isa = PBXGroup;
			children = (
				C27E0F232704759D0015530B /* ProfileVC.swift */,
				B5A21BF52733E78000614B22 /* ProfileView.swift */,
			);
			path = Profile;
			sourceTree = "<group>";
		};
		C21E135E270465CC00867E2E /* Factories */ = {
			isa = PBXGroup;
			children = (
				C21E13542704619D00867E2E /* CoreFactory.swift */,
				C21E13622704661500867E2E /* VCFactory.swift */,
			);
			path = Factories;
			sourceTree = "<group>";
		};
		C21E135F270465D700867E2E /* Services */ = {
			isa = PBXGroup;
			children = (
				C21E1356270463C400867E2E /* AuthService.swift */,
				C21E1352270460AE00867E2E /* DataService.swift */,
				C2151F51271885F3009036CB /* ScheduleService.swift */,
				B5A21BFD273595D300614B22 /* ProfileService.swift */,
			);
			path = Services;
			sourceTree = "<group>";
		};
		C21E1360270465DF00867E2E /* Network */ = {
			isa = PBXGroup;
			children = (
				C21E135A270464DD00867E2E /* NetworkProvider.swift */,
				C21E135C270464FF00867E2E /* Request.swift */,
				C2D7209C270484E700C40EA5 /* RequestMethod.swift */,
				C2D7209E2704855100C40EA5 /* RequestBuilder.swift */,
			);
			path = Network;
			sourceTree = "<group>";
		};
		C21E1361270465FC00867E2E /* Models */ = {
			isa = PBXGroup;
			children = (
				C2D720A527048ADF00C40EA5 /* Responses */,
				C2D720A02704868900C40EA5 /* Requests */,
				C21E13502704604400867E2E /* AppState.swift */,
				C21E13582704647800867E2E /* Errors.swift */,
				C2D720A827048B1A00C40EA5 /* Profile.swift */,
				C2B96D4A270DE0A00012D0E8 /* FieldError.swift */,
				145ECD192C2AC03E00D0F8B3 /* Schedule.swift */,
				145ECD1B2C2AC07200D0F8B3 /* Teacher.swift */,
				145ECD1D2C2AC0A800D0F8B3 /* Group.swift */,
				145ECD1F2C2AC0DA00D0F8B3 /* Class.swift */,
				14C2CD012C2B1B8A00211BDD /* Lesson.swift */,
			);
			path = Models;
			sourceTree = "<group>";
		};
		C21E136A27046DB500867E2E /* Generated */ = {
			isa = PBXGroup;
			children = (
				C27E0F19270473A20015530B /* Assets.swift */,
				C27E0F18270473A20015530B /* Plist.swift */,
				C27E0F1B270473A20015530B /* StoryboardScenes.swift */,
				C27E0F1A270473A20015530B /* StoryboardSegues.swift */,
				C27E0F1C270473A20015530B /* Strings.swift */,
			);
			path = Generated;
			sourceTree = "<group>";
		};
		C239CB6227205A81003ABBB0 /* Loadable */ = {
			isa = PBXGroup;
			children = (
				C239CB6D27205ABE003ABBB0 /* LoaderParameters+Default.swift */,
				C239CB6527205AA6003ABBB0 /* LoaderParameters.swift */,
				C239CB6427205AA6003ABBB0 /* LoaderView.swift */,
				C239CB6627205AA6003ABBB0 /* UILoadable.swift */,
				C239CB6327205AA6003ABBB0 /* UILoadable+UIView.swift */,
			);
			path = Loadable;
			sourceTree = "<group>";
		};
		C27E0F172704730D0015530B /* Storyboards */ = {
			isa = PBXGroup;
			children = (
				C21E13682704676800867E2E /* Profile.storyboard */,
				C21E13662704674D00867E2E /* CreateSchedule.storyboard */,
				C21E13642704671A00867E2E /* Schedule.storyboard */,
				C21E134C27045C8A00867E2E /* TabBar.storyboard */,
				C21E134827045C5600867E2E /* Auth.storyboard */,
				B5A21BF32733E4DD00614B22 /* ProfileView.xib */,
				B508A85D283F88130081CE95 /* Storyboard.storyboard */,
				B5A7BBED2842474600B2D70D /* Empty.xib */,
			);
			path = Storyboards;
			sourceTree = "<group>";
		};
		C2B96D3F270DD9400012D0E8 /* Snacker */ = {
			isa = PBXGroup;
			children = (
				C2B96D40270DD9770012D0E8 /* SnackerStyle.swift */,
				C2B96D42270DD9A50012D0E8 /* SnackCustomView.swift */,
				C2B96D44270DDA820012D0E8 /* Snacker.swift */,
			);
			path = Snacker;
			sourceTree = "<group>";
		};
		C2D720A02704868900C40EA5 /* Requests */ = {
			isa = PBXGroup;
			children = (
				C2B96D67270DEAA60012D0E8 /* ScheduleRequests.swift */,
				C2D720A12704869900C40EA5 /* UserRequest.swift */,
				B5A21C232738005B00614B22 /* DeleteOrder.swift */,
			);
			path = Requests;
			sourceTree = "<group>";
		};
		C2D720A527048ADF00C40EA5 /* Responses */ = {
			isa = PBXGroup;
			children = (
				C2D720A327048AAF00C40EA5 /* DataResponse.swift */,
				C2D720A627048AF000C40EA5 /* AuthResponse.swift */,
				C2B96D48270DDE6F0012D0E8 /* ErrorResponse.swift */,
				14C2CCFB2C2B188200211BDD /* GroupsResponse.swift */,
				14C2CCFF2C2B19EF00211BDD /* TeachersResponse.swift */,
				14C2CD032C2B1BFF00211BDD /* LessonsResponse.swift */,
				14C2CD072C2B1D8500211BDD /* ClassesResponse.swift */,
			);
			path = Responses;
			sourceTree = "<group>";
		};
		C2F28B3927048D27000A2703 /* Mocks */ = {
			isa = PBXGroup;
			children = (
				C2F28B3A27048E92000A2703 /* auth.json */,
				C2B96D46270DDE360012D0E8 /* authFailed.json */,
				C2B96D59270DE9D80012D0E8 /* detailsInfo.json */,
				C2B96D56270DE9D80012D0E8 /* getProfile.json */,
				C2B96D57270DE9D80012D0E8 /* userBRerror.json */,
				C2B96D4E270DE9D80012D0E8 /* userUEerror.json */,
				145ECD212C2AC1C900D0F8B3 /* schedule.json */,
				14C2CCF92C2B17A300211BDD /* groups.json */,
				14C2CCFD2C2B198500211BDD /* teachers.json */,
				14C2CD052C2B1C3600211BDD /* lessons.json */,
				14C2CD092C2B1DE500211BDD /* classes.json */,
			);
			path = Mocks;
			sourceTree = "<group>";
		};
/* End PBXGroup section */

/* Begin PBXNativeTarget section */
		C21E131B2704510C00867E2E /* Practice */ = {
			isa = PBXNativeTarget;
			buildConfigurationList = C21E13302704510E00867E2E /* Build configuration list for PBXNativeTarget "Practice" */;
			buildPhases = (
				C27E0F25270477600015530B /* SwiftGen */,
				C21E136B27046FCA00867E2E /* SwiftFormat */,
				C21E13182704510C00867E2E /* Sources */,
				C21E13192704510C00867E2E /* Frameworks */,
				C21E131A2704510C00867E2E /* Resources */,
			);
			buildRules = (
			);
			dependencies = (
			);
			name = Practice;
			packageProductDependencies = (
				C214165A270DA80B00C40071 /* AutoLayoutSugar */,
				C214165D270DB9E400C40071 /* KeychainAccess */,
				C2B96D3D270DD48C0012D0E8 /* TTGSnackbar */,
				C2CD31A227202AC3001A32C3 /* Kingfisher */,
				145D72252C2AEE8E005CAC92 /* OrderedDictionary */,
			);
			productName = SchoolStore;
			productReference = C21E131C2704510C00867E2E /* Practice.app */;
			productType = "com.apple.product-type.application";
		};
/* End PBXNativeTarget section */

/* Begin PBXProject section */
		C21E13142704510C00867E2E /* Project object */ = {
			isa = PBXProject;
			attributes = {
				LastSwiftUpdateCheck = 1250;
				LastUpgradeCheck = 1250;
				TargetAttributes = {
					C21E131B2704510C00867E2E = {
						CreatedOnToolsVersion = 12.5.1;
					};
				};
			};
			buildConfigurationList = C21E13172704510C00867E2E /* Build configuration list for PBXProject "Practice" */;
			compatibilityVersion = "Xcode 9.3";
			developmentRegion = en;
			hasScannedForEncodings = 0;
			knownRegions = (
				en,
				ru,
				Base,
			);
			mainGroup = C21E13132704510C00867E2E;
			packageReferences = (
				C2141659270DA80B00C40071 /* XCRemoteSwiftPackageReference "auto-layout-sugar-ios" */,
				C214165C270DB9E400C40071 /* XCRemoteSwiftPackageReference "KeychainAccess" */,
				C2B96D3C270DD48C0012D0E8 /* XCRemoteSwiftPackageReference "TTGSnackbar" */,
				C2CD31A127202AC3001A32C3 /* XCRemoteSwiftPackageReference "Kingfisher" */,
				145D72242C2AEE8E005CAC92 /* XCRemoteSwiftPackageReference "OrderedDictionary" */,
			);
			productRefGroup = C21E131D2704510C00867E2E /* Products */;
			projectDirPath = "";
			projectRoot = "";
			targets = (
				C21E131B2704510C00867E2E /* Practice */,
			);
		};
/* End PBXProject section */

/* Begin PBXResourcesBuildPhase section */
		C21E131A2704510C00867E2E /* Resources */ = {
			isa = PBXResourcesBuildPhase;
			buildActionMask = 2147483647;
			files = (
				C21E134927045C5600867E2E /* Auth.storyboard in Resources */,
				C21E132C2704510E00867E2E /* LaunchScreen.storyboard in Resources */,
				C2B96D47270DDE360012D0E8 /* authFailed.json in Resources */,
				C2B96D5B270DE9D90012D0E8 /* userUEerror.json in Resources */,
				C21E13692704676800867E2E /* Profile.storyboard in Resources */,
				B5A7BBEE2842474600B2D70D /* Empty.xib in Resources */,
				B5A21BF42733E4DD00614B22 /* ProfileView.xib in Resources */,
				C2F28B3B27048E92000A2703 /* auth.json in Resources */,
				C21E133927045ADA00867E2E /* Localizable.strings in Resources */,
				C2CD31A727202FE6001A32C3 /* en.lproj in Resources */,
				C21E13292704510E00867E2E /* Assets.xcassets in Resources */,
				14C2CD062C2B1C3600211BDD /* lessons.json in Resources */,
				C21E13652704671A00867E2E /* Schedule.storyboard in Resources */,
				14C2CCFA2C2B17A300211BDD /* groups.json in Resources */,
				C21E133E27045B1900867E2E /* InfoPlist.strings in Resources */,
				C21E134D27045C8A00867E2E /* TabBar.storyboard in Resources */,
				C2B96D66270DE9D90012D0E8 /* detailsInfo.json in Resources */,
				B508A85E283F88130081CE95 /* Storyboard.storyboard in Resources */,
				C2B96D64270DE9D90012D0E8 /* userBRerror.json in Resources */,
				C2B96D63270DE9D90012D0E8 /* getProfile.json in Resources */,
				14C2CD0A2C2B1DE500211BDD /* classes.json in Resources */,
				145ECD222C2AC1C900D0F8B3 /* schedule.json in Resources */,
				C21E134227045B4900867E2E /* Localizable.stringsdict in Resources */,
				C21E13672704674D00867E2E /* CreateSchedule.storyboard in Resources */,
				14C2CCFE2C2B198500211BDD /* teachers.json in Resources */,
			);
			runOnlyForDeploymentPostprocessing = 0;
		};
/* End PBXResourcesBuildPhase section */

/* Begin PBXShellScriptBuildPhase section */
		C21E136B27046FCA00867E2E /* SwiftFormat */ = {
			isa = PBXShellScriptBuildPhase;
			buildActionMask = 2147483647;
			files = (
			);
			inputFileListPaths = (
			);
			inputPaths = (
			);
			name = SwiftFormat;
			outputFileListPaths = (
			);
			outputPaths = (
			);
			runOnlyForDeploymentPostprocessing = 0;
			shellPath = /bin/sh;
			shellScript = "if [ \"${CONFIGURATION}\" == \"Debug\" ]; then\n    if which swiftformat >/dev/null; then\n      swiftformat .\n    else\n      echo \"warning: SwiftFormat not installed, download from https://github.com/nicklockwood/SwiftFormat\"\n    fi\nfi\n";
		};
		C27E0F25270477600015530B /* SwiftGen */ = {
			isa = PBXShellScriptBuildPhase;
			buildActionMask = 2147483647;
			files = (
			);
			inputFileListPaths = (
			);
			inputPaths = (
			);
			name = SwiftGen;
			outputFileListPaths = (
			);
			outputPaths = (
			);
			runOnlyForDeploymentPostprocessing = 0;
			shellPath = /bin/sh;
			shellScript = "if [ \"${CONFIGURATION}\" == \"Debug\" ]; then\n  if which swiftgen >/dev/null; then\n    swiftgen\n  fi\nfi\n";
		};
/* End PBXShellScriptBuildPhase section */

/* Begin PBXSourcesBuildPhase section */
		C21E13182704510C00867E2E /* Sources */ = {
			isa = PBXSourcesBuildPhase;
			buildActionMask = 2147483647;
			files = (
				C27E0F1F270473A20015530B /* StoryboardSegues.swift in Sources */,
				C21E134B27045C6C00867E2E /* AuthVC.swift in Sources */,
				C239CB6A27205AA6003ABBB0 /* LoaderParameters.swift in Sources */,
				C27E0F21270473A20015530B /* Strings.swift in Sources */,
				B5B1547D2730086D00C92082 /* BottomSheetParameters.swift in Sources */,
				C2D720A927048B1A00C40EA5 /* Profile.swift in Sources */,
				B5A21BF62733E78000614B22 /* ProfileView.swift in Sources */,
				145ECD1E2C2AC0A800D0F8B3 /* Group.swift in Sources */,
				C2141662270DBD2900C40071 /* ScheduleVC.swift in Sources */,
				14C2CD002C2B19EF00211BDD /* TeachersResponse.swift in Sources */,
				C21E134F27045CA900867E2E /* TabBarVC.swift in Sources */,
				B5A21C242738005B00614B22 /* DeleteOrder.swift in Sources */,
				C21E135B270464DD00867E2E /* NetworkProvider.swift in Sources */,
				C21E13552704619D00867E2E /* CoreFactory.swift in Sources */,
				C21E13202704510C00867E2E /* AppDelegate.swift in Sources */,
				145ECD1A2C2AC03E00D0F8B3 /* Schedule.swift in Sources */,
				C21E13592704647900867E2E /* Errors.swift in Sources */,
				C2D720A727048AF000C40EA5 /* AuthResponse.swift in Sources */,
				C27E0F1D270473A20015530B /* Plist.swift in Sources */,
				C21E13512704604400867E2E /* AppState.swift in Sources */,
				C2D720A427048AAF00C40EA5 /* DataResponse.swift in Sources */,
				C239CB6E27205ABE003ABBB0 /* LoaderParameters+Default.swift in Sources */,
				C239CB6B27205AA6003ABBB0 /* UILoadable.swift in Sources */,
				C27E0F1E270473A20015530B /* Assets.swift in Sources */,
				C2B96D49270DDE6F0012D0E8 /* ErrorResponse.swift in Sources */,
				C2B96D41270DD9770012D0E8 /* SnackerStyle.swift in Sources */,
				145ECD242C2AC4AE00D0F8B3 /* ScheduleCell.swift in Sources */,
				145ECD202C2AC0DA00D0F8B3 /* Class.swift in Sources */,
				C21E13632704661500867E2E /* VCFactory.swift in Sources */,
				C2151F52271885F3009036CB /* ScheduleService.swift in Sources */,
				14C2CD042C2B1BFF00211BDD /* LessonsResponse.swift in Sources */,
				B5B154832730089F00C92082 /* BottomSheetParametersProtocol.swift in Sources */,
				C21E135D270464FF00867E2E /* Request.swift in Sources */,
				C27E0F242704759D0015530B /* ProfileVC.swift in Sources */,
				C2B96D68270DEAA60012D0E8 /* ScheduleRequests.swift in Sources */,
				14C2CCFC2C2B188200211BDD /* GroupsResponse.swift in Sources */,
				C2B96D45270DDA820012D0E8 /* Snacker.swift in Sources */,
				C239CB6927205AA6003ABBB0 /* LoaderView.swift in Sources */,
				C21E1353270460AE00867E2E /* DataService.swift in Sources */,
				145D72232C2AD30C005CAC92 /* PairView.swift in Sources */,
				B5B15485273008B900C92082 /* BottomSheetController.swift in Sources */,
				14C2CD022C2B1B8A00211BDD /* Lesson.swift in Sources */,
				C21E1357270463C400867E2E /* AuthService.swift in Sources */,
				C2D7209F2704855100C40EA5 /* RequestBuilder.swift in Sources */,
				C239CB6827205AA6003ABBB0 /* UILoadable+UIView.swift in Sources */,
				C2D7209D270484E700C40EA5 /* RequestMethod.swift in Sources */,
				B5B15487273008C700C92082 /* PresentationController.swift in Sources */,
				C2CD31A527202CBA001A32C3 /* NumberFormatter+Default.swift in Sources */,
				C2CD31A92720389A001A32C3 /* AppDelegate+NavAppearance.swift in Sources */,
				B5B1547B2730081200C92082 /* DefaultBottomSheetStyle.swift in Sources */,
				C2141660270DBD1000C40071 /* CreateScheduleVC.swift in Sources */,
				B5B15476273007D900C92082 /* ScrollableView.swift in Sources */,
				145ECD1C2C2AC07200D0F8B3 /* Teacher.swift in Sources */,
				C27E0F20270473A20015530B /* StoryboardScenes.swift in Sources */,
				B5B154812730088900C92082 /* BottomSheetStyle.swift in Sources */,
				C2D720A22704869900C40EA5 /* UserRequest.swift in Sources */,
				C2B96D43270DD9A50012D0E8 /* SnackCustomView.swift in Sources */,
				B5B1547F2730087C00C92082 /* UIPanGestureRecognizer+Direction.swift in Sources */,
				14C2CD082C2B1D8500211BDD /* ClassesResponse.swift in Sources */,
				5E74DC9F682F7103E6003DD3 /* InputField.swift in Sources */,
				145D72212C2ACA25005CAC92 /* UIStackView+Extensions.swift in Sources */,
				C2B96D4B270DE0A00012D0E8 /* FieldError.swift in Sources */,
				B5A21BFE273595D300614B22 /* ProfileService.swift in Sources */,
			);
			runOnlyForDeploymentPostprocessing = 0;
		};
/* End PBXSourcesBuildPhase section */

/* Begin PBXVariantGroup section */
		C21E132A2704510E00867E2E /* LaunchScreen.storyboard */ = {
			isa = PBXVariantGroup;
			children = (
				C2B96D4C270DE38B0012D0E8 /* Base */,
			);
			name = LaunchScreen.storyboard;
			sourceTree = "<group>";
		};
		C21E133C27045B1900867E2E /* InfoPlist.strings */ = {
			isa = PBXVariantGroup;
			children = (
				C21E133D27045B1900867E2E /* ru */,
			);
			name = InfoPlist.strings;
			sourceTree = "<group>";
		};
		C21E134027045B4900867E2E /* Localizable.stringsdict */ = {
			isa = PBXVariantGroup;
			children = (
				C21E134127045B4900867E2E /* ru */,
			);
			name = Localizable.stringsdict;
			sourceTree = "<group>";
		};
/* End PBXVariantGroup section */

/* Begin XCBuildConfiguration section */
		C21E132E2704510E00867E2E /* Debug */ = {
			isa = XCBuildConfiguration;
			buildSettings = {
				ALWAYS_SEARCH_USER_PATHS = NO;
				CLANG_ANALYZER_LOCALIZABILITY_NONLOCALIZED = YES;
				CLANG_ANALYZER_NONNULL = YES;
				CLANG_ANALYZER_NUMBER_OBJECT_CONVERSION = YES_AGGRESSIVE;
				CLANG_CXX_LANGUAGE_STANDARD = "gnu++14";
				CLANG_CXX_LIBRARY = "libc++";
				CLANG_ENABLE_MODULES = YES;
				CLANG_ENABLE_OBJC_ARC = YES;
				CLANG_ENABLE_OBJC_WEAK = YES;
				CLANG_WARN_BLOCK_CAPTURE_AUTORELEASING = YES;
				CLANG_WARN_BOOL_CONVERSION = YES;
				CLANG_WARN_COMMA = YES;
				CLANG_WARN_CONSTANT_CONVERSION = YES;
				CLANG_WARN_DEPRECATED_OBJC_IMPLEMENTATIONS = YES;
				CLANG_WARN_DIRECT_OBJC_ISA_USAGE = YES_ERROR;
				CLANG_WARN_DOCUMENTATION_COMMENTS = YES;
				CLANG_WARN_EMPTY_BODY = YES;
				CLANG_WARN_ENUM_CONVERSION = YES;
				CLANG_WARN_INFINITE_RECURSION = YES;
				CLANG_WARN_INT_CONVERSION = YES;
				CLANG_WARN_NON_LITERAL_NULL_CONVERSION = YES;
				CLANG_WARN_OBJC_IMPLICIT_RETAIN_SELF = YES;
				CLANG_WARN_OBJC_LITERAL_CONVERSION = YES;
				CLANG_WARN_OBJC_ROOT_CLASS = YES_ERROR;
				CLANG_WARN_QUOTED_INCLUDE_IN_FRAMEWORK_HEADER = YES;
				CLANG_WARN_RANGE_LOOP_ANALYSIS = YES;
				CLANG_WARN_STRICT_PROTOTYPES = YES;
				CLANG_WARN_SUSPICIOUS_MOVE = YES;
				CLANG_WARN_UNGUARDED_AVAILABILITY = YES_AGGRESSIVE;
				CLANG_WARN_UNREACHABLE_CODE = YES;
				CLANG_WARN__DUPLICATE_METHOD_MATCH = YES;
				COPY_PHASE_STRIP = NO;
				DEBUG_INFORMATION_FORMAT = dwarf;
				ENABLE_STRICT_OBJC_MSGSEND = YES;
				ENABLE_TESTABILITY = YES;
				GCC_C_LANGUAGE_STANDARD = gnu11;
				GCC_DYNAMIC_NO_PIC = NO;
				GCC_NO_COMMON_BLOCKS = YES;
				GCC_OPTIMIZATION_LEVEL = 0;
				GCC_PREPROCESSOR_DEFINITIONS = (
					"DEBUG=1",
					"$(inherited)",
				);
				GCC_WARN_64_TO_32_BIT_CONVERSION = YES;
				GCC_WARN_ABOUT_RETURN_TYPE = YES_ERROR;
				GCC_WARN_UNDECLARED_SELECTOR = YES;
				GCC_WARN_UNINITIALIZED_AUTOS = YES_AGGRESSIVE;
				GCC_WARN_UNUSED_FUNCTION = YES;
				GCC_WARN_UNUSED_VARIABLE = YES;
				IPHONEOS_DEPLOYMENT_TARGET = 14.5;
				MTL_ENABLE_DEBUG_INFO = INCLUDE_SOURCE;
				MTL_FAST_MATH = YES;
				ONLY_ACTIVE_ARCH = YES;
				SDKROOT = iphoneos;
				SWIFT_ACTIVE_COMPILATION_CONDITIONS = DEBUG;
				SWIFT_OPTIMIZATION_LEVEL = "-Onone";
			};
			name = Debug;
		};
		C21E132F2704510E00867E2E /* Release */ = {
			isa = XCBuildConfiguration;
			buildSettings = {
				ALWAYS_SEARCH_USER_PATHS = NO;
				CLANG_ANALYZER_LOCALIZABILITY_NONLOCALIZED = YES;
				CLANG_ANALYZER_NONNULL = YES;
				CLANG_ANALYZER_NUMBER_OBJECT_CONVERSION = YES_AGGRESSIVE;
				CLANG_CXX_LANGUAGE_STANDARD = "gnu++14";
				CLANG_CXX_LIBRARY = "libc++";
				CLANG_ENABLE_MODULES = YES;
				CLANG_ENABLE_OBJC_ARC = YES;
				CLANG_ENABLE_OBJC_WEAK = YES;
				CLANG_WARN_BLOCK_CAPTURE_AUTORELEASING = YES;
				CLANG_WARN_BOOL_CONVERSION = YES;
				CLANG_WARN_COMMA = YES;
				CLANG_WARN_CONSTANT_CONVERSION = YES;
				CLANG_WARN_DEPRECATED_OBJC_IMPLEMENTATIONS = YES;
				CLANG_WARN_DIRECT_OBJC_ISA_USAGE = YES_ERROR;
				CLANG_WARN_DOCUMENTATION_COMMENTS = YES;
				CLANG_WARN_EMPTY_BODY = YES;
				CLANG_WARN_ENUM_CONVERSION = YES;
				CLANG_WARN_INFINITE_RECURSION = YES;
				CLANG_WARN_INT_CONVERSION = YES;
				CLANG_WARN_NON_LITERAL_NULL_CONVERSION = YES;
				CLANG_WARN_OBJC_IMPLICIT_RETAIN_SELF = YES;
				CLANG_WARN_OBJC_LITERAL_CONVERSION = YES;
				CLANG_WARN_OBJC_ROOT_CLASS = YES_ERROR;
				CLANG_WARN_QUOTED_INCLUDE_IN_FRAMEWORK_HEADER = YES;
				CLANG_WARN_RANGE_LOOP_ANALYSIS = YES;
				CLANG_WARN_STRICT_PROTOTYPES = YES;
				CLANG_WARN_SUSPICIOUS_MOVE = YES;
				CLANG_WARN_UNGUARDED_AVAILABILITY = YES_AGGRESSIVE;
				CLANG_WARN_UNREACHABLE_CODE = YES;
				CLANG_WARN__DUPLICATE_METHOD_MATCH = YES;
				COPY_PHASE_STRIP = NO;
				DEBUG_INFORMATION_FORMAT = "dwarf-with-dsym";
				ENABLE_NS_ASSERTIONS = NO;
				ENABLE_STRICT_OBJC_MSGSEND = YES;
				GCC_C_LANGUAGE_STANDARD = gnu11;
				GCC_NO_COMMON_BLOCKS = YES;
				GCC_WARN_64_TO_32_BIT_CONVERSION = YES;
				GCC_WARN_ABOUT_RETURN_TYPE = YES_ERROR;
				GCC_WARN_UNDECLARED_SELECTOR = YES;
				GCC_WARN_UNINITIALIZED_AUTOS = YES_AGGRESSIVE;
				GCC_WARN_UNUSED_FUNCTION = YES;
				GCC_WARN_UNUSED_VARIABLE = YES;
				IPHONEOS_DEPLOYMENT_TARGET = 14.5;
				MTL_ENABLE_DEBUG_INFO = NO;
				MTL_FAST_MATH = YES;
				SDKROOT = iphoneos;
				SWIFT_COMPILATION_MODE = wholemodule;
				SWIFT_OPTIMIZATION_LEVEL = "-O";
				VALIDATE_PRODUCT = YES;
			};
			name = Release;
		};
		C21E13312704510E00867E2E /* Debug */ = {
			isa = XCBuildConfiguration;
			buildSettings = {
				ASSETCATALOG_COMPILER_APPICON_NAME = AppIcon;
				ASSETCATALOG_COMPILER_GLOBAL_ACCENT_COLOR_NAME = AccentColor;
				CODE_SIGN_IDENTITY = "Apple Development";
				CODE_SIGN_STYLE = Automatic;
				DEVELOPMENT_TEAM = J4CN39XKM4;
				INFOPLIST_FILE = Practice/Resources/Info.plist;
				LD_RUNPATH_SEARCH_PATHS = (
					"$(inherited)",
					"@executable_path/Frameworks",
				);
				PRODUCT_BUNDLE_IDENTIFIER = test.app.SchoolStore;
				PRODUCT_NAME = "$(TARGET_NAME)";
				PROVISIONING_PROFILE_SPECIFIER = "";
				SWIFT_VERSION = 5.0;
				TARGETED_DEVICE_FAMILY = "1,2";
			};
			name = Debug;
		};
		C21E13322704510E00867E2E /* Release */ = {
			isa = XCBuildConfiguration;
			buildSettings = {
				ASSETCATALOG_COMPILER_APPICON_NAME = AppIcon;
				ASSETCATALOG_COMPILER_GLOBAL_ACCENT_COLOR_NAME = AccentColor;
				CODE_SIGN_IDENTITY = "Apple Development";
				CODE_SIGN_STYLE = Automatic;
				DEVELOPMENT_TEAM = J4CN39XKM4;
				INFOPLIST_FILE = Practice/Resources/Info.plist;
				LD_RUNPATH_SEARCH_PATHS = (
					"$(inherited)",
					"@executable_path/Frameworks",
				);
				PRODUCT_BUNDLE_IDENTIFIER = test.app.SchoolStore;
				PRODUCT_NAME = "$(TARGET_NAME)";
				PROVISIONING_PROFILE_SPECIFIER = "";
				SWIFT_VERSION = 5.0;
				TARGETED_DEVICE_FAMILY = "1,2";
			};
			name = Release;
		};
/* End XCBuildConfiguration section */

/* Begin XCConfigurationList section */
		C21E13172704510C00867E2E /* Build configuration list for PBXProject "Practice" */ = {
			isa = XCConfigurationList;
			buildConfigurations = (
				C21E132E2704510E00867E2E /* Debug */,
				C21E132F2704510E00867E2E /* Release */,
			);
			defaultConfigurationIsVisible = 0;
			defaultConfigurationName = Debug;
		};
		C21E13302704510E00867E2E /* Build configuration list for PBXNativeTarget "Practice" */ = {
			isa = XCConfigurationList;
			buildConfigurations = (
				C21E13312704510E00867E2E /* Debug */,
				C21E13322704510E00867E2E /* Release */,
			);
			defaultConfigurationIsVisible = 0;
			defaultConfigurationName = Debug;
		};
/* End XCConfigurationList section */

/* Begin XCRemoteSwiftPackageReference section */
		145D72242C2AEE8E005CAC92 /* XCRemoteSwiftPackageReference "OrderedDictionary" */ = {
			isa = XCRemoteSwiftPackageReference;
			repositoryURL = "https://github.com/lukaskubanek/OrderedDictionary.git";
			requirement = {
				branch = master;
				kind = branch;
			};
		};
		C2141659270DA80B00C40071 /* XCRemoteSwiftPackageReference "auto-layout-sugar-ios" */ = {
			isa = XCRemoteSwiftPackageReference;
			repositoryURL = "https://github.com/Heads-and-Hands/auto-layout-sugar-ios";
			requirement = {
				kind = upToNextMajorVersion;
				minimumVersion = 1.0.6;
			};
		};
		C214165C270DB9E400C40071 /* XCRemoteSwiftPackageReference "KeychainAccess" */ = {
			isa = XCRemoteSwiftPackageReference;
			repositoryURL = "https://github.com/kishikawakatsumi/KeychainAccess";
			requirement = {
				kind = upToNextMajorVersion;
				minimumVersion = 4.2.2;
			};
		};
		C2B96D3C270DD48C0012D0E8 /* XCRemoteSwiftPackageReference "TTGSnackbar" */ = {
			isa = XCRemoteSwiftPackageReference;
			repositoryURL = "https://github.com/zekunyan/TTGSnackbar";
			requirement = {
				kind = upToNextMajorVersion;
				minimumVersion = 1.10.5;
			};
		};
		C2CD31A127202AC3001A32C3 /* XCRemoteSwiftPackageReference "Kingfisher" */ = {
			isa = XCRemoteSwiftPackageReference;
			repositoryURL = "https://github.com/onevcat/Kingfisher";
			requirement = {
				kind = exactVersion;
				version = 7.6.2;
			};
		};
/* End XCRemoteSwiftPackageReference section */

/* Begin XCSwiftPackageProductDependency section */
		145D72252C2AEE8E005CAC92 /* OrderedDictionary */ = {
			isa = XCSwiftPackageProductDependency;
			package = 145D72242C2AEE8E005CAC92 /* XCRemoteSwiftPackageReference "OrderedDictionary" */;
			productName = OrderedDictionary;
		};
		C214165A270DA80B00C40071 /* AutoLayoutSugar */ = {
			isa = XCSwiftPackageProductDependency;
			package = C2141659270DA80B00C40071 /* XCRemoteSwiftPackageReference "auto-layout-sugar-ios" */;
			productName = AutoLayoutSugar;
		};
		C214165D270DB9E400C40071 /* KeychainAccess */ = {
			isa = XCSwiftPackageProductDependency;
			package = C214165C270DB9E400C40071 /* XCRemoteSwiftPackageReference "KeychainAccess" */;
			productName = KeychainAccess;
		};
		C2B96D3D270DD48C0012D0E8 /* TTGSnackbar */ = {
			isa = XCSwiftPackageProductDependency;
			package = C2B96D3C270DD48C0012D0E8 /* XCRemoteSwiftPackageReference "TTGSnackbar" */;
			productName = TTGSnackbar;
		};
		C2CD31A227202AC3001A32C3 /* Kingfisher */ = {
			isa = XCSwiftPackageProductDependency;
			package = C2CD31A127202AC3001A32C3 /* XCRemoteSwiftPackageReference "Kingfisher" */;
			productName = Kingfisher;
		};
/* End XCSwiftPackageProductDependency section */
	};
	rootObject = C21E13142704510C00867E2E /* Project object */;
}
